// !$*UTF8*$!
{
	archiveVersion = 1;
	classes = {
	};
	objectVersion = 51;
	objects = {

/* Begin PBXBuildFile section */
		0721A5872429509E009D28E0 /* regestration.storyboard in Resources */ = {isa = PBXBuildFile; fileRef = 0721A5862429509E009D28E0 /* regestration.storyboard */; };
		0721A58B242960B7009D28E0 /* SignUpViewController.swift in Sources */ = {isa = PBXBuildFile; fileRef = 0721A58A242960B7009D28E0 /* SignUpViewController.swift */; };
		07225A1B246186570032EDA4 /* Order.swift in Sources */ = {isa = PBXBuildFile; fileRef = 07225A1A246186570032EDA4 /* Order.swift */; };
		072F806E2460DA2E00B266FC /* specification.swift in Sources */ = {isa = PBXBuildFile; fileRef = 072F806D2460DA2E00B266FC /* specification.swift */; };
		072FC1BF24871B4500460F1C /* StoreEncode.swift in Sources */ = {isa = PBXBuildFile; fileRef = 072FC1BE24871B4500460F1C /* StoreEncode.swift */; };
		0742D43C2446DC7100E51B23 /* font in Resources */ = {isa = PBXBuildFile; fileRef = 0742D43B2446DC7100E51B23 /* font */; };
		0742FC782449A19600068F69 /* TypeCell.swift in Sources */ = {isa = PBXBuildFile; fileRef = 0742FC772449A19600068F69 /* TypeCell.swift */; };
		0742FC7A2449A22500068F69 /* menuCell.swift in Sources */ = {isa = PBXBuildFile; fileRef = 0742FC792449A22500068F69 /* menuCell.swift */; };
		0742FC7C2449A38C00068F69 /* menuViewController.swift in Sources */ = {isa = PBXBuildFile; fileRef = 0742FC7B2449A38C00068F69 /* menuViewController.swift */; };
		0744C0AB246348BD0040E7AD /* OrderaCell.swift in Sources */ = {isa = PBXBuildFile; fileRef = 0744C0AA246348BD0040E7AD /* OrderaCell.swift */; };
		0744C0AD246431B80040E7AD /* order.storyboard in Resources */ = {isa = PBXBuildFile; fileRef = 0744C0AC246431B80040E7AD /* order.storyboard */; };
		0744C0AF246432BF0040E7AD /* billViewController.swift in Sources */ = {isa = PBXBuildFile; fileRef = 0744C0AE246432BF0040E7AD /* billViewController.swift */; };
		0744C0B1246433B40040E7AD /* bill.storyboard in Resources */ = {isa = PBXBuildFile; fileRef = 0744C0B0246433B40040E7AD /* bill.storyboard */; };
		0744C0B3246437D70040E7AD /* billCell.swift in Sources */ = {isa = PBXBuildFile; fileRef = 0744C0B2246437D70040E7AD /* billCell.swift */; };
		07649EBF2444675C00044527 /* CoffeeStoresViewController.swift in Sources */ = {isa = PBXBuildFile; fileRef = 07649EBE2444675C00044527 /* CoffeeStoresViewController.swift */; };
		07655797244562C5009F54E2 /* Stores.swift in Sources */ = {isa = PBXBuildFile; fileRef = 07655796244562C5009F54E2 /* Stores.swift */; };
		076A48FB2486084C00F4DE64 /* GoogleService-Info.plist in Resources */ = {isa = PBXBuildFile; fileRef = 076A48FA2486084C00F4DE64 /* GoogleService-Info.plist */; };
		076ED06224453144008D0F3F /* coffeeStoreaTableViewCell.swift in Sources */ = {isa = PBXBuildFile; fileRef = 076ED06124453144008D0F3F /* coffeeStoreaTableViewCell.swift */; };
		077887CF2452C4C300485DB1 /* orderCell.swift in Sources */ = {isa = PBXBuildFile; fileRef = 077887CE2452C4C300485DB1 /* orderCell.swift */; };
		0783053D2468BB760044DA65 /* MenuD.swift in Sources */ = {isa = PBXBuildFile; fileRef = 0783053C2468BB760044DA65 /* MenuD.swift */; };
		0783053F2468BEE30044DA65 /* menuEncode.swift in Sources */ = {isa = PBXBuildFile; fileRef = 0783053E2468BEE30044DA65 /* menuEncode.swift */; };
		079CA5A5245A866A00B126C7 /* map.storyboard in Resources */ = {isa = PBXBuildFile; fileRef = 079CA5A4245A866A00B126C7 /* map.storyboard */; };
		07A584B12441FF1300C7D16A /* API.swift in Sources */ = {isa = PBXBuildFile; fileRef = 07A584B02441FF1300C7D16A /* API.swift */; };
		07A5DE1F2427E85400C03B91 /* AppDelegate.swift in Sources */ = {isa = PBXBuildFile; fileRef = 07A5DE1E2427E85400C03B91 /* AppDelegate.swift */; };
		07A5DE242427E85400C03B91 /* Main.storyboard in Resources */ = {isa = PBXBuildFile; fileRef = 07A5DE222427E85400C03B91 /* Main.storyboard */; };
		07A5DE262427E85500C03B91 /* Assets.xcassets in Resources */ = {isa = PBXBuildFile; fileRef = 07A5DE252427E85500C03B91 /* Assets.xcassets */; };
		07A5DE292427E85500C03B91 /* LaunchScreen.storyboard in Resources */ = {isa = PBXBuildFile; fileRef = 07A5DE272427E85500C03B91 /* LaunchScreen.storyboard */; };
		07A5DE342427E85500C03B91 /* CovaTests.swift in Sources */ = {isa = PBXBuildFile; fileRef = 07A5DE332427E85500C03B91 /* CovaTests.swift */; };
		07A5DE3F2427E85500C03B91 /* CovaUITests.swift in Sources */ = {isa = PBXBuildFile; fileRef = 07A5DE3E2427E85500C03B91 /* CovaUITests.swift */; };
		07A5DE522428006E00C03B91 /* InitialSwipe.swift in Sources */ = {isa = PBXBuildFile; fileRef = 07A5DE512428006E00C03B91 /* InitialSwipe.swift */; };
		07AC002F2456A5BA00390FA7 /* Items.swift in Sources */ = {isa = PBXBuildFile; fileRef = 07AC002E2456A5BA00390FA7 /* Items.swift */; };
		07B9A3E8242AB2E2000774F1 /* homePage.storyboard in Resources */ = {isa = PBXBuildFile; fileRef = 07B9A3E7242AB2E2000774F1 /* homePage.storyboard */; };
		07CDA6D2243C325700CC46B8 /* signInViewController.swift in Sources */ = {isa = PBXBuildFile; fileRef = 07CDA6D1243C325700CC46B8 /* signInViewController.swift */; };
		07E73124246B6A330099AE47 /* userSetting.swift in Sources */ = {isa = PBXBuildFile; fileRef = 07E73123246B6A330099AE47 /* userSetting.swift */; };
		07EF5AE1243D73E00048BAC2 /* mapViewController.swift in Sources */ = {isa = PBXBuildFile; fileRef = 07EF5AE0243D73E00048BAC2 /* mapViewController.swift */; };
		07EF5AE3243D75370048BAC2 /* CoreLocation.framework in Frameworks */ = {isa = PBXBuildFile; fileRef = 07EF5AE2243D75370048BAC2 /* CoreLocation.framework */; };
		07F6AC952482EC3000E38456 /* CovaTests1.swift in Sources */ = {isa = PBXBuildFile; fileRef = 07F6AC942482EC3000E38456 /* CovaTests1.swift */; };
		07FBA1B3245254C800818B11 /* orderViewController.swift in Sources */ = {isa = PBXBuildFile; fileRef = 07FBA1B2245254C800818B11 /* orderViewController.swift */; };
		51AE8A62C5F89DEB9D56EFC0 /* Pods_Cova.framework in Frameworks */ = {isa = PBXBuildFile; fileRef = 4A4DEEEA7B14C1220D440BD8 /* Pods_Cova.framework */; };
		767094DA4FF8ED63C9DDE712 /* Pods_CovaTests.framework in Frameworks */ = {isa = PBXBuildFile; fileRef = 4F16FDE3C0D303977A82454E /* Pods_CovaTests.framework */; };
		B467B0AF0D911E6F5E18DF28 /* Pods_Cova_CovaUITests.framework in Frameworks */ = {isa = PBXBuildFile; fileRef = 5773FF255CFC84C6886902F5 /* Pods_Cova_CovaUITests.framework */; };
/* End PBXBuildFile section */

/* Begin PBXContainerItemProxy section */
		07A5DE302427E85500C03B91 /* PBXContainerItemProxy */ = {
			isa = PBXContainerItemProxy;
			containerPortal = 07A5DE132427E85400C03B91 /* Project object */;
			proxyType = 1;
			remoteGlobalIDString = 07A5DE1A2427E85400C03B91;
			remoteInfo = Cova;
		};
		07A5DE3B2427E85500C03B91 /* PBXContainerItemProxy */ = {
			isa = PBXContainerItemProxy;
			containerPortal = 07A5DE132427E85400C03B91 /* Project object */;
			proxyType = 1;
			remoteGlobalIDString = 07A5DE1A2427E85400C03B91;
			remoteInfo = Cova;
		};
		07F6AC972482EC3000E38456 /* PBXContainerItemProxy */ = {
			isa = PBXContainerItemProxy;
			containerPortal = 07A5DE132427E85400C03B91 /* Project object */;
			proxyType = 1;
			remoteGlobalIDString = 07A5DE1A2427E85400C03B91;
			remoteInfo = Cova;
		};
/* End PBXContainerItemProxy section */

/* Begin PBXFileReference section */
		0721A5862429509E009D28E0 /* regestration.storyboard */ = {isa = PBXFileReference; lastKnownFileType = file.storyboard; path = regestration.storyboard; sourceTree = "<group>"; };
		0721A58A242960B7009D28E0 /* SignUpViewController.swift */ = {isa = PBXFileReference; lastKnownFileType = sourcecode.swift; path = SignUpViewController.swift; sourceTree = "<group>"; };
		07225A1A246186570032EDA4 /* Order.swift */ = {isa = PBXFileReference; lastKnownFileType = sourcecode.swift; path = Order.swift; sourceTree = "<group>"; };
		072F806D2460DA2E00B266FC /* specification.swift */ = {isa = PBXFileReference; lastKnownFileType = sourcecode.swift; path = specification.swift; sourceTree = "<group>"; };
		072FC1BE24871B4500460F1C /* StoreEncode.swift */ = {isa = PBXFileReference; lastKnownFileType = sourcecode.swift; path = StoreEncode.swift; sourceTree = "<group>"; };
		0742D43B2446DC7100E51B23 /* font */ = {isa = PBXFileReference; lastKnownFileType = folder; name = font; path = ../font; sourceTree = "<group>"; };
		0742FC772449A19600068F69 /* TypeCell.swift */ = {isa = PBXFileReference; lastKnownFileType = sourcecode.swift; path = TypeCell.swift; sourceTree = "<group>"; };
		0742FC792449A22500068F69 /* menuCell.swift */ = {isa = PBXFileReference; lastKnownFileType = sourcecode.swift; path = menuCell.swift; sourceTree = "<group>"; };
		0742FC7B2449A38C00068F69 /* menuViewController.swift */ = {isa = PBXFileReference; lastKnownFileType = sourcecode.swift; path = menuViewController.swift; sourceTree = "<group>"; };
		0744C0AA246348BD0040E7AD /* OrderaCell.swift */ = {isa = PBXFileReference; lastKnownFileType = sourcecode.swift; path = OrderaCell.swift; sourceTree = "<group>"; };
		0744C0AC246431B80040E7AD /* order.storyboard */ = {isa = PBXFileReference; lastKnownFileType = file.storyboard; path = order.storyboard; sourceTree = "<group>"; };
		0744C0AE246432BF0040E7AD /* billViewController.swift */ = {isa = PBXFileReference; lastKnownFileType = sourcecode.swift; path = billViewController.swift; sourceTree = "<group>"; };
		0744C0B0246433B40040E7AD /* bill.storyboard */ = {isa = PBXFileReference; lastKnownFileType = file.storyboard; path = bill.storyboard; sourceTree = "<group>"; };
		0744C0B2246437D70040E7AD /* billCell.swift */ = {isa = PBXFileReference; lastKnownFileType = sourcecode.swift; path = billCell.swift; sourceTree = "<group>"; };
		07649EBE2444675C00044527 /* CoffeeStoresViewController.swift */ = {isa = PBXFileReference; lastKnownFileType = sourcecode.swift; path = CoffeeStoresViewController.swift; sourceTree = "<group>"; };
		07655796244562C5009F54E2 /* Stores.swift */ = {isa = PBXFileReference; lastKnownFileType = sourcecode.swift; path = Stores.swift; sourceTree = "<group>"; };
		076A48FA2486084C00F4DE64 /* GoogleService-Info.plist */ = {isa = PBXFileReference; fileEncoding = 4; lastKnownFileType = text.plist.xml; name = "GoogleService-Info.plist"; path = "../../../Downloads/GoogleService-Info.plist"; sourceTree = "<group>"; };
		076ED06124453144008D0F3F /* coffeeStoreaTableViewCell.swift */ = {isa = PBXFileReference; lastKnownFileType = sourcecode.swift; path = coffeeStoreaTableViewCell.swift; sourceTree = "<group>"; };
		077887CE2452C4C300485DB1 /* orderCell.swift */ = {isa = PBXFileReference; lastKnownFileType = sourcecode.swift; path = orderCell.swift; sourceTree = "<group>"; };
		0783053C2468BB760044DA65 /* MenuD.swift */ = {isa = PBXFileReference; lastKnownFileType = sourcecode.swift; path = MenuD.swift; sourceTree = "<group>"; };
		0783053E2468BEE30044DA65 /* menuEncode.swift */ = {isa = PBXFileReference; lastKnownFileType = sourcecode.swift; path = menuEncode.swift; sourceTree = "<group>"; };
		079CA5A4245A866A00B126C7 /* map.storyboard */ = {isa = PBXFileReference; lastKnownFileType = file.storyboard; path = map.storyboard; sourceTree = "<group>"; };
		07A584B02441FF1300C7D16A /* API.swift */ = {isa = PBXFileReference; lastKnownFileType = sourcecode.swift; path = API.swift; sourceTree = "<group>"; };
		07A5DE1B2427E85400C03B91 /* Cova.app */ = {isa = PBXFileReference; explicitFileType = wrapper.application; includeInIndex = 0; path = Cova.app; sourceTree = BUILT_PRODUCTS_DIR; };
		07A5DE1E2427E85400C03B91 /* AppDelegate.swift */ = {isa = PBXFileReference; lastKnownFileType = sourcecode.swift; path = AppDelegate.swift; sourceTree = "<group>"; };
		07A5DE232427E85400C03B91 /* Base */ = {isa = PBXFileReference; lastKnownFileType = file.storyboard; name = Base; path = Base.lproj/Main.storyboard; sourceTree = "<group>"; };
		07A5DE252427E85500C03B91 /* Assets.xcassets */ = {isa = PBXFileReference; lastKnownFileType = folder.assetcatalog; path = Assets.xcassets; sourceTree = "<group>"; };
		07A5DE282427E85500C03B91 /* Base */ = {isa = PBXFileReference; lastKnownFileType = file.storyboard; name = Base; path = Base.lproj/LaunchScreen.storyboard; sourceTree = "<group>"; };
		07A5DE2A2427E85500C03B91 /* Info.plist */ = {isa = PBXFileReference; lastKnownFileType = text.plist.xml; path = Info.plist; sourceTree = "<group>"; };
		07A5DE2F2427E85500C03B91 /* CovaTests.xctest */ = {isa = PBXFileReference; explicitFileType = wrapper.cfbundle; includeInIndex = 0; path = CovaTests.xctest; sourceTree = BUILT_PRODUCTS_DIR; };
		07A5DE332427E85500C03B91 /* CovaTests.swift */ = {isa = PBXFileReference; lastKnownFileType = sourcecode.swift; path = CovaTests.swift; sourceTree = "<group>"; };
		07A5DE352427E85500C03B91 /* Info.plist */ = {isa = PBXFileReference; lastKnownFileType = text.plist.xml; path = Info.plist; sourceTree = "<group>"; };
		07A5DE3A2427E85500C03B91 /* CovaUITests.xctest */ = {isa = PBXFileReference; explicitFileType = wrapper.cfbundle; includeInIndex = 0; path = CovaUITests.xctest; sourceTree = BUILT_PRODUCTS_DIR; };
		07A5DE3E2427E85500C03B91 /* CovaUITests.swift */ = {isa = PBXFileReference; lastKnownFileType = sourcecode.swift; path = CovaUITests.swift; sourceTree = "<group>"; };
		07A5DE402427E85500C03B91 /* Info.plist */ = {isa = PBXFileReference; lastKnownFileType = text.plist.xml; path = Info.plist; sourceTree = "<group>"; };
		07A5DE512428006E00C03B91 /* InitialSwipe.swift */ = {isa = PBXFileReference; lastKnownFileType = sourcecode.swift; path = InitialSwipe.swift; sourceTree = "<group>"; };
		07AC002E2456A5BA00390FA7 /* Items.swift */ = {isa = PBXFileReference; lastKnownFileType = sourcecode.swift; path = Items.swift; sourceTree = "<group>"; };
		07B9A3E7242AB2E2000774F1 /* homePage.storyboard */ = {isa = PBXFileReference; lastKnownFileType = file.storyboard; path = homePage.storyboard; sourceTree = "<group>"; };
		07CDA6D1243C325700CC46B8 /* signInViewController.swift */ = {isa = PBXFileReference; lastKnownFileType = sourcecode.swift; path = signInViewController.swift; sourceTree = "<group>"; };
		07E07BFD2442C4160083B811 /* MapKitGoogleStyler.framework */ = {isa = PBXFileReference; explicitFileType = wrapper.framework; path = MapKitGoogleStyler.framework; sourceTree = BUILT_PRODUCTS_DIR; };
		07E73123246B6A330099AE47 /* userSetting.swift */ = {isa = PBXFileReference; lastKnownFileType = sourcecode.swift; path = userSetting.swift; sourceTree = "<group>"; };
		07EF5AE0243D73E00048BAC2 /* mapViewController.swift */ = {isa = PBXFileReference; lastKnownFileType = sourcecode.swift; path = mapViewController.swift; sourceTree = "<group>"; };
		07EF5AE2243D75370048BAC2 /* CoreLocation.framework */ = {isa = PBXFileReference; lastKnownFileType = wrapper.framework; name = CoreLocation.framework; path = System/Library/Frameworks/CoreLocation.framework; sourceTree = SDKROOT; };
		07F6AC922482EC3000E38456 /* CovaTests1.xctest */ = {isa = PBXFileReference; explicitFileType = wrapper.cfbundle; includeInIndex = 0; path = CovaTests1.xctest; sourceTree = BUILT_PRODUCTS_DIR; };
		07F6AC942482EC3000E38456 /* CovaTests1.swift */ = {isa = PBXFileReference; lastKnownFileType = sourcecode.swift; path = CovaTests1.swift; sourceTree = "<group>"; };
		07F6AC962482EC3000E38456 /* Info.plist */ = {isa = PBXFileReference; lastKnownFileType = text.plist.xml; path = Info.plist; sourceTree = "<group>"; };
		07FBA1B2245254C800818B11 /* orderViewController.swift */ = {isa = PBXFileReference; lastKnownFileType = sourcecode.swift; path = orderViewController.swift; sourceTree = "<group>"; };
		2E4162BAE91292DB77A2E9DD /* Pods-Cova.debug.xcconfig */ = {isa = PBXFileReference; includeInIndex = 1; lastKnownFileType = text.xcconfig; name = "Pods-Cova.debug.xcconfig"; path = "Target Support Files/Pods-Cova/Pods-Cova.debug.xcconfig"; sourceTree = "<group>"; };
		4A4DEEEA7B14C1220D440BD8 /* Pods_Cova.framework */ = {isa = PBXFileReference; explicitFileType = wrapper.framework; includeInIndex = 0; path = Pods_Cova.framework; sourceTree = BUILT_PRODUCTS_DIR; };
		4DDC2B9764AD521ADA2790ED /* Pods-Cova.release.xcconfig */ = {isa = PBXFileReference; includeInIndex = 1; lastKnownFileType = text.xcconfig; name = "Pods-Cova.release.xcconfig"; path = "Target Support Files/Pods-Cova/Pods-Cova.release.xcconfig"; sourceTree = "<group>"; };
		4F16FDE3C0D303977A82454E /* Pods_CovaTests.framework */ = {isa = PBXFileReference; explicitFileType = wrapper.framework; includeInIndex = 0; path = Pods_CovaTests.framework; sourceTree = BUILT_PRODUCTS_DIR; };
		5773FF255CFC84C6886902F5 /* Pods_Cova_CovaUITests.framework */ = {isa = PBXFileReference; explicitFileType = wrapper.framework; includeInIndex = 0; path = Pods_Cova_CovaUITests.framework; sourceTree = BUILT_PRODUCTS_DIR; };
		98746E74FF5E2C612D292247 /* Pods-CovaTests.release.xcconfig */ = {isa = PBXFileReference; includeInIndex = 1; lastKnownFileType = text.xcconfig; name = "Pods-CovaTests.release.xcconfig"; path = "Target Support Files/Pods-CovaTests/Pods-CovaTests.release.xcconfig"; sourceTree = "<group>"; };
		E62B1C832A297521B4FE84EB /* Pods-CovaTests.debug.xcconfig */ = {isa = PBXFileReference; includeInIndex = 1; lastKnownFileType = text.xcconfig; name = "Pods-CovaTests.debug.xcconfig"; path = "Target Support Files/Pods-CovaTests/Pods-CovaTests.debug.xcconfig"; sourceTree = "<group>"; };
		EDB383F6F72741DFBFF3712D /* Pods-Cova-CovaUITests.release.xcconfig */ = {isa = PBXFileReference; includeInIndex = 1; lastKnownFileType = text.xcconfig; name = "Pods-Cova-CovaUITests.release.xcconfig"; path = "Target Support Files/Pods-Cova-CovaUITests/Pods-Cova-CovaUITests.release.xcconfig"; sourceTree = "<group>"; };
		F50CE75D7B1876428D4C2D0C /* Pods-Cova-CovaUITests.debug.xcconfig */ = {isa = PBXFileReference; includeInIndex = 1; lastKnownFileType = text.xcconfig; name = "Pods-Cova-CovaUITests.debug.xcconfig"; path = "Target Support Files/Pods-Cova-CovaUITests/Pods-Cova-CovaUITests.debug.xcconfig"; sourceTree = "<group>"; };
/* End PBXFileReference section */

/* Begin PBXFrameworksBuildPhase section */
		07A5DE182427E85400C03B91 /* Frameworks */ = {
			isa = PBXFrameworksBuildPhase;
			buildActionMask = 2147483647;
			files = (
				07EF5AE3243D75370048BAC2 /* CoreLocation.framework in Frameworks */,
				51AE8A62C5F89DEB9D56EFC0 /* Pods_Cova.framework in Frameworks */,
			);
			runOnlyForDeploymentPostprocessing = 0;
		};
		07A5DE2C2427E85500C03B91 /* Frameworks */ = {
			isa = PBXFrameworksBuildPhase;
			buildActionMask = 2147483647;
			files = (
				767094DA4FF8ED63C9DDE712 /* Pods_CovaTests.framework in Frameworks */,
			);
			runOnlyForDeploymentPostprocessing = 0;
		};
		07A5DE372427E85500C03B91 /* Frameworks */ = {
			isa = PBXFrameworksBuildPhase;
			buildActionMask = 2147483647;
			files = (
				B467B0AF0D911E6F5E18DF28 /* Pods_Cova_CovaUITests.framework in Frameworks */,
			);
			runOnlyForDeploymentPostprocessing = 0;
		};
		07F6AC8F2482EC3000E38456 /* Frameworks */ = {
			isa = PBXFrameworksBuildPhase;
			buildActionMask = 2147483647;
			files = (
			);
			runOnlyForDeploymentPostprocessing = 0;
		};
/* End PBXFrameworksBuildPhase section */

/* Begin PBXGroup section */
		0742FC752449A11500068F69 /* regestration */ = {
			isa = PBXGroup;
			children = (
				0721A58A242960B7009D28E0 /* SignUpViewController.swift */,
				07EF5AE0243D73E00048BAC2 /* mapViewController.swift */,
				07CDA6D1243C325700CC46B8 /* signInViewController.swift */,
			);
			path = regestration;
			sourceTree = "<group>";
		};
		0742FC762449A12F00068F69 /* Stores */ = {
			isa = PBXGroup;
			children = (
				076ED06124453144008D0F3F /* coffeeStoreaTableViewCell.swift */,
				07649EBE2444675C00044527 /* CoffeeStoresViewController.swift */,
				0742FC772449A19600068F69 /* TypeCell.swift */,
				0742FC792449A22500068F69 /* menuCell.swift */,
				0742FC7B2449A38C00068F69 /* menuViewController.swift */,
			);
			path = Stores;
			sourceTree = "<group>";
		};
		07A584AF2441FEF900C7D16A /* API */ = {
			isa = PBXGroup;
			children = (
				07A584B02441FF1300C7D16A /* API.swift */,
			);
			path = API;
			sourceTree = "<group>";
		};
		07A5DE122427E85400C03B91 = {
			isa = PBXGroup;
			children = (
				07A584AF2441FEF900C7D16A /* API */,
				07A5DE4E2427F33300C03B91 /* controller */,
				07A5DE4D2427F32B00C03B91 /* view */,
				07A5DE4C2427F32200C03B91 /* Model */,
				07A5DE1D2427E85400C03B91 /* Cova */,
				07A5DE322427E85500C03B91 /* CovaTests */,
				07A5DE3D2427E85500C03B91 /* CovaUITests */,
				07F6AC932482EC3000E38456 /* CovaTests1 */,
				07A5DE1C2427E85400C03B91 /* Products */,
				67F57C7D0E205F9477440FB3 /* Pods */,
				170CEA7384E11FCBE908404D /* Frameworks */,
			);
			sourceTree = "<group>";
		};
		07A5DE1C2427E85400C03B91 /* Products */ = {
			isa = PBXGroup;
			children = (
				07A5DE1B2427E85400C03B91 /* Cova.app */,
				07A5DE2F2427E85500C03B91 /* CovaTests.xctest */,
				07A5DE3A2427E85500C03B91 /* CovaUITests.xctest */,
				07F6AC922482EC3000E38456 /* CovaTests1.xctest */,
			);
			name = Products;
			sourceTree = "<group>";
		};
		07A5DE1D2427E85400C03B91 /* Cova */ = {
			isa = PBXGroup;
			children = (
				0742D43B2446DC7100E51B23 /* font */,
				07A5DE1E2427E85400C03B91 /* AppDelegate.swift */,
				076A48FA2486084C00F4DE64 /* GoogleService-Info.plist */,
				07A5DE252427E85500C03B91 /* Assets.xcassets */,
				07A5DE2A2427E85500C03B91 /* Info.plist */,
			);
			path = Cova;
			sourceTree = "<group>";
		};
		07A5DE322427E85500C03B91 /* CovaTests */ = {
			isa = PBXGroup;
			children = (
				07A5DE332427E85500C03B91 /* CovaTests.swift */,
				07A5DE352427E85500C03B91 /* Info.plist */,
			);
			path = CovaTests;
			sourceTree = "<group>";
		};
		07A5DE3D2427E85500C03B91 /* CovaUITests */ = {
			isa = PBXGroup;
			children = (
				07A5DE3E2427E85500C03B91 /* CovaUITests.swift */,
				07A5DE402427E85500C03B91 /* Info.plist */,
			);
			path = CovaUITests;
			sourceTree = "<group>";
		};
		07A5DE4C2427F32200C03B91 /* Model */ = {
			isa = PBXGroup;
			children = (
				07655796244562C5009F54E2 /* Stores.swift */,
				0783053C2468BB760044DA65 /* MenuD.swift */,
				07AC002E2456A5BA00390FA7 /* Items.swift */,
				072F806D2460DA2E00B266FC /* specification.swift */,
				07225A1A246186570032EDA4 /* Order.swift */,
				0783053E2468BEE30044DA65 /* menuEncode.swift */,
				07E73123246B6A330099AE47 /* userSetting.swift */,
				072FC1BE24871B4500460F1C /* StoreEncode.swift */,
			);
			path = Model;
			sourceTree = "<group>";
		};
		07A5DE4D2427F32B00C03B91 /* view */ = {
			isa = PBXGroup;
			children = (
				07A5DE272427E85500C03B91 /* LaunchScreen.storyboard */,
				07A5DE222427E85400C03B91 /* Main.storyboard */,
				0721A5862429509E009D28E0 /* regestration.storyboard */,
				07B9A3E7242AB2E2000774F1 /* homePage.storyboard */,
				079CA5A4245A866A00B126C7 /* map.storyboard */,
				0744C0AC246431B80040E7AD /* order.storyboard */,
				0744C0B0246433B40040E7AD /* bill.storyboard */,
			);
			path = view;
			sourceTree = "<group>";
		};
		07A5DE4E2427F33300C03B91 /* controller */ = {
			isa = PBXGroup;
			children = (
				07FBA1B1245254AF00818B11 /* Order */,
				0742FC762449A12F00068F69 /* Stores */,
				0742FC752449A11500068F69 /* regestration */,
				07A5DE512428006E00C03B91 /* InitialSwipe.swift */,
			);
			path = controller;
			sourceTree = "<group>";
		};
		07F6AC932482EC3000E38456 /* CovaTests1 */ = {
			isa = PBXGroup;
			children = (
				07F6AC942482EC3000E38456 /* CovaTests1.swift */,
				07F6AC962482EC3000E38456 /* Info.plist */,
			);
			path = CovaTests1;
			sourceTree = "<group>";
		};
		07FBA1B1245254AF00818B11 /* Order */ = {
			isa = PBXGroup;
			children = (
				07FBA1B2245254C800818B11 /* orderViewController.swift */,
				077887CE2452C4C300485DB1 /* orderCell.swift */,
				0744C0AA246348BD0040E7AD /* OrderaCell.swift */,
				0744C0AE246432BF0040E7AD /* billViewController.swift */,
				0744C0B2246437D70040E7AD /* billCell.swift */,
			);
			path = Order;
			sourceTree = "<group>";
		};
		170CEA7384E11FCBE908404D /* Frameworks */ = {
			isa = PBXGroup;
			children = (
				07E07BFD2442C4160083B811 /* MapKitGoogleStyler.framework */,
				07EF5AE2243D75370048BAC2 /* CoreLocation.framework */,
				4A4DEEEA7B14C1220D440BD8 /* Pods_Cova.framework */,
				5773FF255CFC84C6886902F5 /* Pods_Cova_CovaUITests.framework */,
				4F16FDE3C0D303977A82454E /* Pods_CovaTests.framework */,
			);
			name = Frameworks;
			sourceTree = "<group>";
		};
		67F57C7D0E205F9477440FB3 /* Pods */ = {
			isa = PBXGroup;
			children = (
				2E4162BAE91292DB77A2E9DD /* Pods-Cova.debug.xcconfig */,
				4DDC2B9764AD521ADA2790ED /* Pods-Cova.release.xcconfig */,
				F50CE75D7B1876428D4C2D0C /* Pods-Cova-CovaUITests.debug.xcconfig */,
				EDB383F6F72741DFBFF3712D /* Pods-Cova-CovaUITests.release.xcconfig */,
				E62B1C832A297521B4FE84EB /* Pods-CovaTests.debug.xcconfig */,
				98746E74FF5E2C612D292247 /* Pods-CovaTests.release.xcconfig */,
			);
			path = Pods;
			sourceTree = "<group>";
		};
/* End PBXGroup section */

/* Begin PBXHeadersBuildPhase section */
		0773277824831C1F00C12BDD /* Headers */ = {
			isa = PBXHeadersBuildPhase;
			buildActionMask = 2147483647;
			files = (
			);
			runOnlyForDeploymentPostprocessing = 0;
		};
/* End PBXHeadersBuildPhase section */

/* Begin PBXNativeTarget section */
		07A5DE1A2427E85400C03B91 /* Cova */ = {
			isa = PBXNativeTarget;
			buildConfigurationList = 07A5DE432427E85500C03B91 /* Build configuration list for PBXNativeTarget "Cova" */;
			buildPhases = (
				AAF8DC3E1C4E9FDE9F3FC08B /* [CP] Check Pods Manifest.lock */,
				0773277824831C1F00C12BDD /* Headers */,
				07A5DE172427E85400C03B91 /* Sources */,
				07A5DE182427E85400C03B91 /* Frameworks */,
				07A5DE192427E85400C03B91 /* Resources */,
				5B43002E521C9319D5FEFB32 /* [CP] Embed Pods Frameworks */,
				077327772483186B00C12BDD /* Run Script */,
			);
			buildRules = (
			);
			dependencies = (
			);
			name = Cova;
			productName = Cova;
			productReference = 07A5DE1B2427E85400C03B91 /* Cova.app */;
			productType = "com.apple.product-type.application";
		};
		07A5DE2E2427E85500C03B91 /* CovaTests */ = {
			isa = PBXNativeTarget;
			buildConfigurationList = 07A5DE462427E85500C03B91 /* Build configuration list for PBXNativeTarget "CovaTests" */;
			buildPhases = (
				426D1EC648BE408956F3AD2C /* [CP] Check Pods Manifest.lock */,
				07A5DE2B2427E85500C03B91 /* Sources */,
				07A5DE2C2427E85500C03B91 /* Frameworks */,
				07A5DE2D2427E85500C03B91 /* Resources */,
			);
			buildRules = (
			);
			dependencies = (
				07A5DE312427E85500C03B91 /* PBXTargetDependency */,
			);
			name = CovaTests;
			productName = CovaTests;
			productReference = 07A5DE2F2427E85500C03B91 /* CovaTests.xctest */;
			productType = "com.apple.product-type.bundle.unit-test";
		};
		07A5DE392427E85500C03B91 /* CovaUITests */ = {
			isa = PBXNativeTarget;
			buildConfigurationList = 07A5DE492427E85500C03B91 /* Build configuration list for PBXNativeTarget "CovaUITests" */;
			buildPhases = (
				F82DAFAFF71BF808A68FDCB6 /* [CP] Check Pods Manifest.lock */,
				07A5DE362427E85500C03B91 /* Sources */,
				07A5DE372427E85500C03B91 /* Frameworks */,
				07A5DE382427E85500C03B91 /* Resources */,
				49FCDFAC59538875FE298113 /* [CP] Embed Pods Frameworks */,
			);
			buildRules = (
			);
			dependencies = (
				07A5DE3C2427E85500C03B91 /* PBXTargetDependency */,
			);
			name = CovaUITests;
			productName = CovaUITests;
			productReference = 07A5DE3A2427E85500C03B91 /* CovaUITests.xctest */;
			productType = "com.apple.product-type.bundle.ui-testing";
		};
		07F6AC912482EC3000E38456 /* CovaTests1 */ = {
			isa = PBXNativeTarget;
			buildConfigurationList = 07F6AC9B2482EC3000E38456 /* Build configuration list for PBXNativeTarget "CovaTests1" */;
			buildPhases = (
				07F6AC8E2482EC3000E38456 /* Sources */,
				07F6AC8F2482EC3000E38456 /* Frameworks */,
				07F6AC902482EC3000E38456 /* Resources */,
			);
			buildRules = (
			);
			dependencies = (
				07F6AC982482EC3000E38456 /* PBXTargetDependency */,
			);
			name = CovaTests1;
			productName = CovaTests1;
			productReference = 07F6AC922482EC3000E38456 /* CovaTests1.xctest */;
			productType = "com.apple.product-type.bundle.unit-test";
		};
/* End PBXNativeTarget section */

/* Begin PBXProject section */
		07A5DE132427E85400C03B91 /* Project object */ = {
			isa = PBXProject;
			attributes = {
				LastSwiftUpdateCheck = 1140;
				LastUpgradeCheck = 1020;
				ORGANIZATIONNAME = "Ebtsam alkhuzai";
				TargetAttributes = {
					07A5DE1A2427E85400C03B91 = {
						CreatedOnToolsVersion = 10.2.1;
					};
					07A5DE2E2427E85500C03B91 = {
						CreatedOnToolsVersion = 10.2.1;
						TestTargetID = 07A5DE1A2427E85400C03B91;
					};
					07A5DE392427E85500C03B91 = {
						CreatedOnToolsVersion = 10.2.1;
						TestTargetID = 07A5DE1A2427E85400C03B91;
					};
					07F6AC912482EC3000E38456 = {
						CreatedOnToolsVersion = 11.4;
						TestTargetID = 07A5DE1A2427E85400C03B91;
					};
				};
			};
			buildConfigurationList = 07A5DE162427E85400C03B91 /* Build configuration list for PBXProject "Cova" */;
			compatibilityVersion = "Xcode 9.3";
			developmentRegion = en;
			hasScannedForEncodings = 0;
			knownRegions = (
				en,
				Base,
			);
			mainGroup = 07A5DE122427E85400C03B91;
			productRefGroup = 07A5DE1C2427E85400C03B91 /* Products */;
			projectDirPath = "";
			projectRoot = "";
			targets = (
				07A5DE1A2427E85400C03B91 /* Cova */,
				07A5DE2E2427E85500C03B91 /* CovaTests */,
				07A5DE392427E85500C03B91 /* CovaUITests */,
				07F6AC912482EC3000E38456 /* CovaTests1 */,
			);
		};
/* End PBXProject section */

/* Begin PBXResourcesBuildPhase section */
		07A5DE192427E85400C03B91 /* Resources */ = {
			isa = PBXResourcesBuildPhase;
			buildActionMask = 2147483647;
			files = (
				0721A5872429509E009D28E0 /* regestration.storyboard in Resources */,
				07A5DE292427E85500C03B91 /* LaunchScreen.storyboard in Resources */,
				0744C0B1246433B40040E7AD /* bill.storyboard in Resources */,
				079CA5A5245A866A00B126C7 /* map.storyboard in Resources */,
				0744C0AD246431B80040E7AD /* order.storyboard in Resources */,
				07A5DE262427E85500C03B91 /* Assets.xcassets in Resources */,
				0742D43C2446DC7100E51B23 /* font in Resources */,
				076A48FB2486084C00F4DE64 /* GoogleService-Info.plist in Resources */,
				07B9A3E8242AB2E2000774F1 /* homePage.storyboard in Resources */,
				07A5DE242427E85400C03B91 /* Main.storyboard in Resources */,
			);
			runOnlyForDeploymentPostprocessing = 0;
		};
		07A5DE2D2427E85500C03B91 /* Resources */ = {
			isa = PBXResourcesBuildPhase;
			buildActionMask = 2147483647;
			files = (
			);
			runOnlyForDeploymentPostprocessing = 0;
		};
		07A5DE382427E85500C03B91 /* Resources */ = {
			isa = PBXResourcesBuildPhase;
			buildActionMask = 2147483647;
			files = (
			);
			runOnlyForDeploymentPostprocessing = 0;
		};
		07F6AC902482EC3000E38456 /* Resources */ = {
			isa = PBXResourcesBuildPhase;
			buildActionMask = 2147483647;
			files = (
			);
			runOnlyForDeploymentPostprocessing = 0;
		};
/* End PBXResourcesBuildPhase section */

/* Begin PBXShellScriptBuildPhase section */
		077327772483186B00C12BDD /* Run Script */ = {
			isa = PBXShellScriptBuildPhase;
			buildActionMask = 2147483647;
			files = (
			);
			inputFileListPaths = (
			);
			inputPaths = (
				"$(SRCROOT)/$(BUILT_PRODUCTS_DIR)/$(INFOPLIST_PATH)",
				"${DWARF_DSYM_FOLDER_PATH}/${DWARF_DSYM_FILE_NAME}/Contents/Resources/DWARF/${TARGET_NAME}",
			);
			name = "Run Script";
			outputFileListPaths = (
			);
			outputPaths = (
			);
			runOnlyForDeploymentPostprocessing = 0;
			shellPath = /bin/sh;
			shellScript = "\"${PODS_ROOT}/FirebaseCrashlytics/run\"\n";
		};
		426D1EC648BE408956F3AD2C /* [CP] Check Pods Manifest.lock */ = {
			isa = PBXShellScriptBuildPhase;
			buildActionMask = 2147483647;
			files = (
			);
			inputFileListPaths = (
			);
			inputPaths = (
				"${PODS_PODFILE_DIR_PATH}/Podfile.lock",
				"${PODS_ROOT}/Manifest.lock",
			);
			name = "[CP] Check Pods Manifest.lock";
			outputFileListPaths = (
			);
			outputPaths = (
				"$(DERIVED_FILE_DIR)/Pods-CovaTests-checkManifestLockResult.txt",
			);
			runOnlyForDeploymentPostprocessing = 0;
			shellPath = /bin/sh;
			shellScript = "diff \"${PODS_PODFILE_DIR_PATH}/Podfile.lock\" \"${PODS_ROOT}/Manifest.lock\" > /dev/null\nif [ $? != 0 ] ; then\n    # print error to STDERR\n    echo \"error: The sandbox is not in sync with the Podfile.lock. Run 'pod install' or update your CocoaPods installation.\" >&2\n    exit 1\nfi\n# This output is used by Xcode 'outputs' to avoid re-running this script phase.\necho \"SUCCESS\" > \"${SCRIPT_OUTPUT_FILE_0}\"\n";
			showEnvVarsInLog = 0;
		};
		49FCDFAC59538875FE298113 /* [CP] Embed Pods Frameworks */ = {
			isa = PBXShellScriptBuildPhase;
			buildActionMask = 2147483647;
			files = (
			);
			inputFileListPaths = (
				"${PODS_ROOT}/Target Support Files/Pods-Cova-CovaUITests/Pods-Cova-CovaUITests-frameworks-${CONFIGURATION}-input-files.xcfilelist",
			);
			name = "[CP] Embed Pods Frameworks";
			outputFileListPaths = (
				"${PODS_ROOT}/Target Support Files/Pods-Cova-CovaUITests/Pods-Cova-CovaUITests-frameworks-${CONFIGURATION}-output-files.xcfilelist",
			);
			runOnlyForDeploymentPostprocessing = 0;
			shellPath = /bin/sh;
			shellScript = "\"${PODS_ROOT}/Target Support Files/Pods-Cova-CovaUITests/Pods-Cova-CovaUITests-frameworks.sh\"\n";
			showEnvVarsInLog = 0;
		};
		5B43002E521C9319D5FEFB32 /* [CP] Embed Pods Frameworks */ = {
			isa = PBXShellScriptBuildPhase;
			buildActionMask = 2147483647;
			files = (
			);
			inputFileListPaths = (
				"${PODS_ROOT}/Target Support Files/Pods-Cova/Pods-Cova-frameworks-${CONFIGURATION}-input-files.xcfilelist",
			);
			name = "[CP] Embed Pods Frameworks";
			outputFileListPaths = (
				"${PODS_ROOT}/Target Support Files/Pods-Cova/Pods-Cova-frameworks-${CONFIGURATION}-output-files.xcfilelist",
			);
			runOnlyForDeploymentPostprocessing = 0;
			shellPath = /bin/sh;
			shellScript = "\"${PODS_ROOT}/Target Support Files/Pods-Cova/Pods-Cova-frameworks.sh\"\n";
			showEnvVarsInLog = 0;
		};
		AAF8DC3E1C4E9FDE9F3FC08B /* [CP] Check Pods Manifest.lock */ = {
			isa = PBXShellScriptBuildPhase;
			buildActionMask = 2147483647;
			files = (
			);
			inputFileListPaths = (
			);
			inputPaths = (
				"${PODS_PODFILE_DIR_PATH}/Podfile.lock",
				"${PODS_ROOT}/Manifest.lock",
			);
			name = "[CP] Check Pods Manifest.lock";
			outputFileListPaths = (
			);
			outputPaths = (
				"$(DERIVED_FILE_DIR)/Pods-Cova-checkManifestLockResult.txt",
			);
			runOnlyForDeploymentPostprocessing = 0;
			shellPath = /bin/sh;
			shellScript = "diff \"${PODS_PODFILE_DIR_PATH}/Podfile.lock\" \"${PODS_ROOT}/Manifest.lock\" > /dev/null\nif [ $? != 0 ] ; then\n    # print error to STDERR\n    echo \"error: The sandbox is not in sync with the Podfile.lock. Run 'pod install' or update your CocoaPods installation.\" >&2\n    exit 1\nfi\n# This output is used by Xcode 'outputs' to avoid re-running this script phase.\necho \"SUCCESS\" > \"${SCRIPT_OUTPUT_FILE_0}\"\n";
			showEnvVarsInLog = 0;
		};
		F82DAFAFF71BF808A68FDCB6 /* [CP] Check Pods Manifest.lock */ = {
			isa = PBXShellScriptBuildPhase;
			buildActionMask = 2147483647;
			files = (
			);
			inputFileListPaths = (
			);
			inputPaths = (
				"${PODS_PODFILE_DIR_PATH}/Podfile.lock",
				"${PODS_ROOT}/Manifest.lock",
			);
			name = "[CP] Check Pods Manifest.lock";
			outputFileListPaths = (
			);
			outputPaths = (
				"$(DERIVED_FILE_DIR)/Pods-Cova-CovaUITests-checkManifestLockResult.txt",
			);
			runOnlyForDeploymentPostprocessing = 0;
			shellPath = /bin/sh;
			shellScript = "diff \"${PODS_PODFILE_DIR_PATH}/Podfile.lock\" \"${PODS_ROOT}/Manifest.lock\" > /dev/null\nif [ $? != 0 ] ; then\n    # print error to STDERR\n    echo \"error: The sandbox is not in sync with the Podfile.lock. Run 'pod install' or update your CocoaPods installation.\" >&2\n    exit 1\nfi\n# This output is used by Xcode 'outputs' to avoid re-running this script phase.\necho \"SUCCESS\" > \"${SCRIPT_OUTPUT_FILE_0}\"\n";
			showEnvVarsInLog = 0;
		};
/* End PBXShellScriptBuildPhase section */

/* Begin PBXSourcesBuildPhase section */
		07A5DE172427E85400C03B91 /* Sources */ = {
			isa = PBXSourcesBuildPhase;
			buildActionMask = 2147483647;
			files = (
				0742FC782449A19600068F69 /* TypeCell.swift in Sources */,
				07E73124246B6A330099AE47 /* userSetting.swift in Sources */,
				07A5DE522428006E00C03B91 /* InitialSwipe.swift in Sources */,
				07225A1B246186570032EDA4 /* Order.swift in Sources */,
				072F806E2460DA2E00B266FC /* specification.swift in Sources */,
				07655797244562C5009F54E2 /* Stores.swift in Sources */,
				077887CF2452C4C300485DB1 /* orderCell.swift in Sources */,
				0783053F2468BEE30044DA65 /* menuEncode.swift in Sources */,
				0721A58B242960B7009D28E0 /* SignUpViewController.swift in Sources */,
				0744C0B3246437D70040E7AD /* billCell.swift in Sources */,
				07649EBF2444675C00044527 /* CoffeeStoresViewController.swift in Sources */,
				0742FC7C2449A38C00068F69 /* menuViewController.swift in Sources */,
				07A584B12441FF1300C7D16A /* API.swift in Sources */,
				0744C0AB246348BD0040E7AD /* OrderaCell.swift in Sources */,
				07AC002F2456A5BA00390FA7 /* Items.swift in Sources */,
				072FC1BF24871B4500460F1C /* StoreEncode.swift in Sources */,
				07CDA6D2243C325700CC46B8 /* signInViewController.swift in Sources */,
				076ED06224453144008D0F3F /* coffeeStoreaTableViewCell.swift in Sources */,
				07EF5AE1243D73E00048BAC2 /* mapViewController.swift in Sources */,
				07A5DE1F2427E85400C03B91 /* AppDelegate.swift in Sources */,
				0742FC7A2449A22500068F69 /* menuCell.swift in Sources */,
				0744C0AF246432BF0040E7AD /* billViewController.swift in Sources */,
				0783053D2468BB760044DA65 /* MenuD.swift in Sources */,
				07FBA1B3245254C800818B11 /* orderViewController.swift in Sources */,
			);
			runOnlyForDeploymentPostprocessing = 0;
		};
		07A5DE2B2427E85500C03B91 /* Sources */ = {
			isa = PBXSourcesBuildPhase;
			buildActionMask = 2147483647;
			files = (
				07A5DE342427E85500C03B91 /* CovaTests.swift in Sources */,
			);
			runOnlyForDeploymentPostprocessing = 0;
		};
		07A5DE362427E85500C03B91 /* Sources */ = {
			isa = PBXSourcesBuildPhase;
			buildActionMask = 2147483647;
			files = (
				07A5DE3F2427E85500C03B91 /* CovaUITests.swift in Sources */,
			);
			runOnlyForDeploymentPostprocessing = 0;
		};
		07F6AC8E2482EC3000E38456 /* Sources */ = {
			isa = PBXSourcesBuildPhase;
			buildActionMask = 2147483647;
			files = (
				07F6AC952482EC3000E38456 /* CovaTests1.swift in Sources */,
			);
			runOnlyForDeploymentPostprocessing = 0;
		};
/* End PBXSourcesBuildPhase section */

/* Begin PBXTargetDependency section */
		07A5DE312427E85500C03B91 /* PBXTargetDependency */ = {
			isa = PBXTargetDependency;
			target = 07A5DE1A2427E85400C03B91 /* Cova */;
			targetProxy = 07A5DE302427E85500C03B91 /* PBXContainerItemProxy */;
		};
		07A5DE3C2427E85500C03B91 /* PBXTargetDependency */ = {
			isa = PBXTargetDependency;
			target = 07A5DE1A2427E85400C03B91 /* Cova */;
			targetProxy = 07A5DE3B2427E85500C03B91 /* PBXContainerItemProxy */;
		};
		07F6AC982482EC3000E38456 /* PBXTargetDependency */ = {
			isa = PBXTargetDependency;
			target = 07A5DE1A2427E85400C03B91 /* Cova */;
			targetProxy = 07F6AC972482EC3000E38456 /* PBXContainerItemProxy */;
		};
/* End PBXTargetDependency section */

/* Begin PBXVariantGroup section */
		07A5DE222427E85400C03B91 /* Main.storyboard */ = {
			isa = PBXVariantGroup;
			children = (
				07A5DE232427E85400C03B91 /* Base */,
			);
			name = Main.storyboard;
			sourceTree = "<group>";
		};
		07A5DE272427E85500C03B91 /* LaunchScreen.storyboard */ = {
			isa = PBXVariantGroup;
			children = (
				07A5DE282427E85500C03B91 /* Base */,
			);
			name = LaunchScreen.storyboard;
			sourceTree = "<group>";
		};
/* End PBXVariantGroup section */

/* Begin XCBuildConfiguration section */
		07A5DE412427E85500C03B91 /* Debug */ = {
			isa = XCBuildConfiguration;
			buildSettings = {
				ALWAYS_SEARCH_USER_PATHS = NO;
				CLANG_ANALYZER_NONNULL = YES;
				CLANG_ANALYZER_NUMBER_OBJECT_CONVERSION = YES_AGGRESSIVE;
				CLANG_CXX_LANGUAGE_STANDARD = "gnu++14";
				CLANG_CXX_LIBRARY = "libc++";
				CLANG_ENABLE_MODULES = YES;
				CLANG_ENABLE_OBJC_ARC = YES;
				CLANG_ENABLE_OBJC_WEAK = YES;
				CLANG_WARN_BLOCK_CAPTURE_AUTORELEASING = YES;
				CLANG_WARN_BOOL_CONVERSION = YES;
				CLANG_WARN_COMMA = YES;
				CLANG_WARN_CONSTANT_CONVERSION = YES;
				CLANG_WARN_DEPRECATED_OBJC_IMPLEMENTATIONS = YES;
				CLANG_WARN_DIRECT_OBJC_ISA_USAGE = YES_ERROR;
				CLANG_WARN_DOCUMENTATION_COMMENTS = YES;
				CLANG_WARN_EMPTY_BODY = YES;
				CLANG_WARN_ENUM_CONVERSION = YES;
				CLANG_WARN_INFINITE_RECURSION = YES;
				CLANG_WARN_INT_CONVERSION = YES;
				CLANG_WARN_NON_LITERAL_NULL_CONVERSION = YES;
				CLANG_WARN_OBJC_IMPLICIT_RETAIN_SELF = YES;
				CLANG_WARN_OBJC_LITERAL_CONVERSION = YES;
				CLANG_WARN_OBJC_ROOT_CLASS = YES_ERROR;
				CLANG_WARN_RANGE_LOOP_ANALYSIS = YES;
				CLANG_WARN_STRICT_PROTOTYPES = YES;
				CLANG_WARN_SUSPICIOUS_MOVE = YES;
				CLANG_WARN_UNGUARDED_AVAILABILITY = YES_AGGRESSIVE;
				CLANG_WARN_UNREACHABLE_CODE = YES;
				CLANG_WARN__DUPLICATE_METHOD_MATCH = YES;
				CODE_SIGN_IDENTITY = "iPhone Developer";
				COPY_PHASE_STRIP = NO;
				DEBUG_INFORMATION_FORMAT = "dwarf-with-dsym";
				ENABLE_STRICT_OBJC_MSGSEND = YES;
				ENABLE_TESTABILITY = YES;
				GCC_C_LANGUAGE_STANDARD = gnu11;
				GCC_DYNAMIC_NO_PIC = NO;
				GCC_NO_COMMON_BLOCKS = YES;
				GCC_OPTIMIZATION_LEVEL = 0;
				GCC_PREPROCESSOR_DEFINITIONS = (
					"DEBUG=1",
					"$(inherited)",
				);
				GCC_WARN_64_TO_32_BIT_CONVERSION = YES;
				GCC_WARN_ABOUT_RETURN_TYPE = YES_ERROR;
				GCC_WARN_UNDECLARED_SELECTOR = YES;
				GCC_WARN_UNINITIALIZED_AUTOS = YES_AGGRESSIVE;
				GCC_WARN_UNUSED_FUNCTION = YES;
				GCC_WARN_UNUSED_VARIABLE = YES;
				IPHONEOS_DEPLOYMENT_TARGET = 12.2;
				MTL_ENABLE_DEBUG_INFO = INCLUDE_SOURCE;
				MTL_FAST_MATH = YES;
				ONLY_ACTIVE_ARCH = YES;
				SDKROOT = iphoneos;
				SWIFT_ACTIVE_COMPILATION_CONDITIONS = DEBUG;
				SWIFT_OPTIMIZATION_LEVEL = "-Onone";
			};
			name = Debug;
		};
		07A5DE422427E85500C03B91 /* Release */ = {
			isa = XCBuildConfiguration;
			buildSettings = {
				ALWAYS_SEARCH_USER_PATHS = NO;
				CLANG_ANALYZER_NONNULL = YES;
				CLANG_ANALYZER_NUMBER_OBJECT_CONVERSION = YES_AGGRESSIVE;
				CLANG_CXX_LANGUAGE_STANDARD = "gnu++14";
				CLANG_CXX_LIBRARY = "libc++";
				CLANG_ENABLE_MODULES = YES;
				CLANG_ENABLE_OBJC_ARC = YES;
				CLANG_ENABLE_OBJC_WEAK = YES;
				CLANG_WARN_BLOCK_CAPTURE_AUTORELEASING = YES;
				CLANG_WARN_BOOL_CONVERSION = YES;
				CLANG_WARN_COMMA = YES;
				CLANG_WARN_CONSTANT_CONVERSION = YES;
				CLANG_WARN_DEPRECATED_OBJC_IMPLEMENTATIONS = YES;
				CLANG_WARN_DIRECT_OBJC_ISA_USAGE = YES_ERROR;
				CLANG_WARN_DOCUMENTATION_COMMENTS = YES;
				CLANG_WARN_EMPTY_BODY = YES;
				CLANG_WARN_ENUM_CONVERSION = YES;
				CLANG_WARN_INFINITE_RECURSION = YES;
				CLANG_WARN_INT_CONVERSION = YES;
				CLANG_WARN_NON_LITERAL_NULL_CONVERSION = YES;
				CLANG_WARN_OBJC_IMPLICIT_RETAIN_SELF = YES;
				CLANG_WARN_OBJC_LITERAL_CONVERSION = YES;
				CLANG_WARN_OBJC_ROOT_CLASS = YES_ERROR;
				CLANG_WARN_RANGE_LOOP_ANALYSIS = YES;
				CLANG_WARN_STRICT_PROTOTYPES = YES;
				CLANG_WARN_SUSPICIOUS_MOVE = YES;
				CLANG_WARN_UNGUARDED_AVAILABILITY = YES_AGGRESSIVE;
				CLANG_WARN_UNREACHABLE_CODE = YES;
				CLANG_WARN__DUPLICATE_METHOD_MATCH = YES;
				CODE_SIGN_IDENTITY = "iPhone Developer";
				COPY_PHASE_STRIP = NO;
				DEBUG_INFORMATION_FORMAT = "dwarf-with-dsym";
				ENABLE_NS_ASSERTIONS = NO;
				ENABLE_STRICT_OBJC_MSGSEND = YES;
				GCC_C_LANGUAGE_STANDARD = gnu11;
				GCC_NO_COMMON_BLOCKS = YES;
				GCC_WARN_64_TO_32_BIT_CONVERSION = YES;
				GCC_WARN_ABOUT_RETURN_TYPE = YES_ERROR;
				GCC_WARN_UNDECLARED_SELECTOR = YES;
				GCC_WARN_UNINITIALIZED_AUTOS = YES_AGGRESSIVE;
				GCC_WARN_UNUSED_FUNCTION = YES;
				GCC_WARN_UNUSED_VARIABLE = YES;
				IPHONEOS_DEPLOYMENT_TARGET = 12.2;
				MTL_ENABLE_DEBUG_INFO = NO;
				MTL_FAST_MATH = YES;
				SDKROOT = iphoneos;
				SWIFT_COMPILATION_MODE = wholemodule;
				SWIFT_OPTIMIZATION_LEVEL = "-O";
				VALIDATE_PRODUCT = YES;
			};
			name = Release;
		};
		07A5DE442427E85500C03B91 /* Debug */ = {
			isa = XCBuildConfiguration;
			baseConfigurationReference = 2E4162BAE91292DB77A2E9DD /* Pods-Cova.debug.xcconfig */;
			buildSettings = {
				ASSETCATALOG_COMPILER_APPICON_NAME = AppIcon;
				CODE_SIGN_STYLE = Automatic;
				CURRENT_PROJECT_VERSION = 1;
				DEBUG_INFORMATION_FORMAT = "dwarf-with-dsym";
				DEVELOPMENT_TEAM = GH642YCX6B;
				INFOPLIST_FILE = Cova/Info.plist;
				LD_RUNPATH_SEARCH_PATHS = (
					"$(inherited)",
					"@executable_path/Frameworks",
				);
				MARKETING_VERSION = 1.0.1;
				PRODUCT_BUNDLE_IDENTIFIER = com.wm.app.Cova;
				PRODUCT_NAME = "$(TARGET_NAME)";
				SWIFT_VERSION = 5.0;
				TARGETED_DEVICE_FAMILY = 1;
			};
			name = Debug;
		};
		07A5DE452427E85500C03B91 /* Release */ = {
			isa = XCBuildConfiguration;
			baseConfigurationReference = 4DDC2B9764AD521ADA2790ED /* Pods-Cova.release.xcconfig */;
			buildSettings = {
				ASSETCATALOG_COMPILER_APPICON_NAME = AppIcon;
				CODE_SIGN_STYLE = Automatic;
				CURRENT_PROJECT_VERSION = 1;
				DEVELOPMENT_TEAM = GH642YCX6B;
				INFOPLIST_FILE = Cova/Info.plist;
				LD_RUNPATH_SEARCH_PATHS = (
					"$(inherited)",
					"@executable_path/Frameworks",
				);
				MARKETING_VERSION = 1.0.1;
				PRODUCT_BUNDLE_IDENTIFIER = com.wm.app.Cova;
				PRODUCT_NAME = "$(TARGET_NAME)";
				SWIFT_VERSION = 5.0;
				TARGETED_DEVICE_FAMILY = 1;
			};
			name = Release;
		};
		07A5DE472427E85500C03B91 /* Debug */ = {
			isa = XCBuildConfiguration;
			baseConfigurationReference = E62B1C832A297521B4FE84EB /* Pods-CovaTests.debug.xcconfig */;
			buildSettings = {
				ALWAYS_EMBED_SWIFT_STANDARD_LIBRARIES = YES;
				BUNDLE_LOADER = "$(TEST_HOST)";
				CODE_SIGN_STYLE = Automatic;
				INFOPLIST_FILE = CovaTests/Info.plist;
				LD_RUNPATH_SEARCH_PATHS = (
					"$(inherited)",
					"@executable_path/Frameworks",
					"@loader_path/Frameworks",
				);
				PRODUCT_BUNDLE_IDENTIFIER = com.wm.test.CovaTests;
				PRODUCT_NAME = "$(TARGET_NAME)";
				SWIFT_VERSION = 5.0;
				TARGETED_DEVICE_FAMILY = "1,2";
				TEST_HOST = "$(BUILT_PRODUCTS_DIR)/Cova.app/Cova";
			};
			name = Debug;
		};
		07A5DE482427E85500C03B91 /* Release */ = {
			isa = XCBuildConfiguration;
			baseConfigurationReference = 98746E74FF5E2C612D292247 /* Pods-CovaTests.release.xcconfig */;
			buildSettings = {
				ALWAYS_EMBED_SWIFT_STANDARD_LIBRARIES = YES;
				BUNDLE_LOADER = "$(TEST_HOST)";
				CODE_SIGN_STYLE = Automatic;
				INFOPLIST_FILE = CovaTests/Info.plist;
				LD_RUNPATH_SEARCH_PATHS = (
					"$(inherited)",
					"@executable_path/Frameworks",
					"@loader_path/Frameworks",
				);
				PRODUCT_BUNDLE_IDENTIFIER = com.wm.test.CovaTests;
				PRODUCT_NAME = "$(TARGET_NAME)";
				SWIFT_VERSION = 5.0;
				TARGETED_DEVICE_FAMILY = "1,2";
				TEST_HOST = "$(BUILT_PRODUCTS_DIR)/Cova.app/Cova";
			};
			name = Release;
		};
		07A5DE4A2427E85500C03B91 /* Debug */ = {
			isa = XCBuildConfiguration;
			baseConfigurationReference = F50CE75D7B1876428D4C2D0C /* Pods-Cova-CovaUITests.debug.xcconfig */;
			buildSettings = {
				ALWAYS_EMBED_SWIFT_STANDARD_LIBRARIES = YES;
				CODE_SIGN_STYLE = Automatic;
				INFOPLIST_FILE = CovaUITests/Info.plist;
				LD_RUNPATH_SEARCH_PATHS = (
					"$(inherited)",
					"@executable_path/Frameworks",
					"@loader_path/Frameworks",
				);
				PRODUCT_BUNDLE_IDENTIFIER = com.wm.test.CovaUITests;
				PRODUCT_NAME = "$(TARGET_NAME)";
				SWIFT_VERSION = 5.0;
				TARGETED_DEVICE_FAMILY = "1,2";
				TEST_TARGET_NAME = Cova;
			};
			name = Debug;
		};
		07A5DE4B2427E85500C03B91 /* Release */ = {
			isa = XCBuildConfiguration;
			baseConfigurationReference = EDB383F6F72741DFBFF3712D /* Pods-Cova-CovaUITests.release.xcconfig */;
			buildSettings = {
				ALWAYS_EMBED_SWIFT_STANDARD_LIBRARIES = YES;
				CODE_SIGN_STYLE = Automatic;
				INFOPLIST_FILE = CovaUITests/Info.plist;
				LD_RUNPATH_SEARCH_PATHS = (
					"$(inherited)",
					"@executable_path/Frameworks",
					"@loader_path/Frameworks",
				);
				PRODUCT_BUNDLE_IDENTIFIER = com.wm.test.CovaUITests;
				PRODUCT_NAME = "$(TARGET_NAME)";
				SWIFT_VERSION = 5.0;
				TARGETED_DEVICE_FAMILY = "1,2";
				TEST_TARGET_NAME = Cova;
			};
			name = Release;
		};
		07F6AC992482EC3000E38456 /* Debug */ = {
			isa = XCBuildConfiguration;
			buildSettings = {
				BUNDLE_LOADER = "$(TEST_HOST)";
				CODE_SIGN_STYLE = Automatic;
				DEVELOPMENT_TEAM = GH642YCX6B;
				INFOPLIST_FILE = CovaTests1/Info.plist;
				IPHONEOS_DEPLOYMENT_TARGET = 13.4;
				LD_RUNPATH_SEARCH_PATHS = (
					"$(inherited)",
					"@executable_path/Frameworks",
					"@loader_path/Frameworks",
				);
				PRODUCT_BUNDLE_IDENTIFIER = com.wm.test.CovaTests1;
				PRODUCT_NAME = "$(TARGET_NAME)";
				SWIFT_VERSION = 5.0;
				TARGETED_DEVICE_FAMILY = "1,2";
				TEST_HOST = "$(BUILT_PRODUCTS_DIR)/Cova.app/Cova";
			};
			name = Debug;
		};
		07F6AC9A2482EC3000E38456 /* Release */ = {
			isa = XCBuildConfiguration;
			buildSettings = {
				BUNDLE_LOADER = "$(TEST_HOST)";
				CODE_SIGN_STYLE = Automatic;
				DEVELOPMENT_TEAM = GH642YCX6B;
				INFOPLIST_FILE = CovaTests1/Info.plist;
				IPHONEOS_DEPLOYMENT_TARGET = 13.4;
				LD_RUNPATH_SEARCH_PATHS = (
					"$(inherited)",
					"@executable_path/Frameworks",
					"@loader_path/Frameworks",
				);
				PRODUCT_BUNDLE_IDENTIFIER = com.wm.test.CovaTests1;
				PRODUCT_NAME = "$(TARGET_NAME)";
				SWIFT_VERSION = 5.0;
				TARGETED_DEVICE_FAMILY = "1,2";
				TEST_HOST = "$(BUILT_PRODUCTS_DIR)/Cova.app/Cova";
			};
			name = Release;
		};
/* End XCBuildConfiguration section */

/* Begin XCConfigurationList section */
		07A5DE162427E85400C03B91 /* Build configuration list for PBXProject "Cova" */ = {
			isa = XCConfigurationList;
			buildConfigurations = (
				07A5DE412427E85500C03B91 /* Debug */,
				07A5DE422427E85500C03B91 /* Release */,
			);
			defaultConfigurationIsVisible = 0;
			defaultConfigurationName = Release;
		};
		07A5DE432427E85500C03B91 /* Build configuration list for PBXNativeTarget "Cova" */ = {
			isa = XCConfigurationList;
			buildConfigurations = (
				07A5DE442427E85500C03B91 /* Debug */,
				07A5DE452427E85500C03B91 /* Release */,
			);
			defaultConfigurationIsVisible = 0;
			defaultConfigurationName = Release;
		};
		07A5DE462427E85500C03B91 /* Build configuration list for PBXNativeTarget "CovaTests" */ = {
			isa = XCConfigurationList;
			buildConfigurations = (
				07A5DE472427E85500C03B91 /* Debug */,
				07A5DE482427E85500C03B91 /* Release */,
			);
			defaultConfigurationIsVisible = 0;
			defaultConfigurationName = Release;
		};
		07A5DE492427E85500C03B91 /* Build configuration list for PBXNativeTarget "CovaUITests" */ = {
			isa = XCConfigurationList;
			buildConfigurations = (
				07A5DE4A2427E85500C03B91 /* Debug */,
				07A5DE4B2427E85500C03B91 /* Release */,
			);
			defaultConfigurationIsVisible = 0;
			defaultConfigurationName = Release;
		};
		07F6AC9B2482EC3000E38456 /* Build configuration list for PBXNativeTarget "CovaTests1" */ = {
			isa = XCConfigurationList;
			buildConfigurations = (
				07F6AC992482EC3000E38456 /* Debug */,
				07F6AC9A2482EC3000E38456 /* Release */,
			);
			defaultConfigurationIsVisible = 0;
			defaultConfigurationName = Release;
		};
/* End XCConfigurationList section */
	};
	rootObject = 07A5DE132427E85400C03B91 /* Project object */;
}
